
Microsoft Visual Studio Solution File, Format Version 12.00
# Visual Studio Version 17
VisualStudioVersion = 17.8.34525.116
MinimumVisualStudioVersion = 10.0.40219.1
Project("{9A19103F-16F7-4668-BE54-9A1E7A4F7556}") = "MainPage", "MainPage.csproj", "{E6644A67-9481-4A35-9B87-426607E0EB9B}"
EndProject
Global
	GlobalSection(SolutionConfigurationPlatforms) = preSolution
		Debug|Any CPU = Debug|Any CPU
		Release|Any CPU = Release|Any CPU
	EndGlobalSection
	GlobalSection(ProjectConfigurationPlatforms) = postSolution
		{E6644A67-9481-4A35-9B87-426607E0EB9B}.Debug|Any CPU.ActiveCfg = Debug|Any CPU
		{E6644A67-9481-4A35-9B87-426607E0EB9B}.Debug|Any CPU.Build.0 = Debug|Any CPU
		{E6644A67-9481-4A35-9B87-426607E0EB9B}.Release|Any CPU.ActiveCfg = Release|Any CPU
		{E6644A67-9481-4A35-9B87-426607E0EB9B}.Release|Any CPU.Build.0 = Release|Any CPU
	EndGlobalSection
	GlobalSection(SolutionProperties) = preSolution
		HideSolutionNode = FALSE
	EndGlobalSection
	GlobalSection(ExtensibilityGlobals) = postSolution
		SolutionGuid = {83E2FE97-A942-4406-9A55-7588CC530DC1}
	EndGlobalSection
EndGlobal
